
Microsoft Visual Studio Solution File, Format Version 11.00
# Visual Studio 2010
Project("{FAE04EC0-301F-11D3-BF4B-00C04F79EFBC}") = "Shape Builder", "Assembly-CSharp.csproj", "{D0A07F70-BB05-8E2F-2A65-DBC71F280E94}"
EndProject
Project("{FAE04EC0-301F-11D3-BF4B-00C04F79EFBC}") = "Shape Builder", "Assembly-CSharp-Editor.csproj", "{46C1B90B-9E95-F8F8-9CC1-E712FFED8577}"
EndProject
Global
	GlobalSection(SolutionConfigurationPlatforms) = preSolution
		Debug|Any CPU = Debug|Any CPU
		Release|Any CPU = Release|Any CPU
	EndGlobalSection
	GlobalSection(ProjectConfigurationPlatforms) = postSolution
		{D0A07F70-BB05-8E2F-2A65-DBC71F280E94}.Debug|Any CPU.ActiveCfg = Debug|Any CPU
		{D0A07F70-BB05-8E2F-2A65-DBC71F280E94}.Debug|Any CPU.Build.0 = Debug|Any CPU
		{D0A07F70-BB05-8E2F-2A65-DBC71F280E94}.Release|Any CPU.ActiveCfg = Release|Any CPU
		{D0A07F70-BB05-8E2F-2A65-DBC71F280E94}.Release|Any CPU.Build.0 = Release|Any CPU
		{46C1B90B-9E95-F8F8-9CC1-E712FFED8577}.Debug|Any CPU.ActiveCfg = Debug|Any CPU
		{46C1B90B-9E95-F8F8-9CC1-E712FFED8577}.Debug|Any CPU.Build.0 = Debug|Any CPU
		{46C1B90B-9E95-F8F8-9CC1-E712FFED8577}.Release|Any CPU.ActiveCfg = Release|Any CPU
		{46C1B90B-9E95-F8F8-9CC1-E712FFED8577}.Release|Any CPU.Build.0 = Release|Any CPU
	EndGlobalSection
	GlobalSection(SolutionProperties) = preSolution
		HideSolutionNode = FALSE
	EndGlobalSection
	GlobalSection(MonoDevelopProperties) = preSolution
		StartupItem = Assembly-CSharp.csproj
	EndGlobalSection
EndGlobal
